// !$*UTF8*$!
{
	archiveVersion = 1;
	classes = {
	};
	objectVersion = 50;
	objects = {

/* Begin PBXBuildFile section */
		63277D2221A3A17A00194751 /* LYBaseAPIProxy.m in Sources */ = {isa = PBXBuildFile; fileRef = 63277D2121A3A17A00194751 /* LYBaseAPIProxy.m */; };
		63277D2521A3A1E200194751 /* LYBaseAPIResponse.m in Sources */ = {isa = PBXBuildFile; fileRef = 63277D2421A3A1E200194751 /* LYBaseAPIResponse.m */; };
		63277D2921A3A40D00194751 /* NSObject+Additions.m in Sources */ = {isa = PBXBuildFile; fileRef = 63277D2721A3A40D00194751 /* NSObject+Additions.m */; };
		63277D2D21A3A55300194751 /* LYBaseAPIRequest.m in Sources */ = {isa = PBXBuildFile; fileRef = 63277D2C21A3A55300194751 /* LYBaseAPIRequest.m */; };
		63277D3021A3A56400194751 /* LYPageAPIRequest.m in Sources */ = {isa = PBXBuildFile; fileRef = 63277D2F21A3A56400194751 /* LYPageAPIRequest.m */; };
		63277D3421A3A79200194751 /* MBProgressHUD+LYAdditions.m in Sources */ = {isa = PBXBuildFile; fileRef = 63277D3321A3A79200194751 /* MBProgressHUD+LYAdditions.m */; };
		63277D3821A3A84900194751 /* LYAppCommon.m in Sources */ = {isa = PBXBuildFile; fileRef = 63277D3721A3A84900194751 /* LYAppCommon.m */; };
		63277D3B21A3AC1A00194751 /* LYURLCommon.m in Sources */ = {isa = PBXBuildFile; fileRef = 63277D3A21A3AC1A00194751 /* LYURLCommon.m */; };
		63277D3E21A3ACC900194751 /* LYCommentModel.m in Sources */ = {isa = PBXBuildFile; fileRef = 63277D3C21A3ACC800194751 /* LYCommentModel.m */; };
		63277D4121A3B8A800194751 /* LYHomePageRequest.m in Sources */ = {isa = PBXBuildFile; fileRef = 63277D4021A3B8A800194751 /* LYHomePageRequest.m */; };
		63277D4421A3C89700194751 /* LYHomePageView.m in Sources */ = {isa = PBXBuildFile; fileRef = 63277D4321A3C89700194751 /* LYHomePageView.m */; };
		63277D4621A3D4AF00194751 /* view_bg_image.png in Resources */ = {isa = PBXBuildFile; fileRef = 63277D4521A3D4AF00194751 /* view_bg_image.png */; };
		63277D4A21A3DF7E00194751 /* CTMediator+LYHomePageVCMediator.m in Sources */ = {isa = PBXBuildFile; fileRef = 63277D4921A3DF7E00194751 /* CTMediator+LYHomePageVCMediator.m */; };
		63277D4D21A3E0A600194751 /* LYArticleDetailViewController.m in Sources */ = {isa = PBXBuildFile; fileRef = 63277D4C21A3E0A600194751 /* LYArticleDetailViewController.m */; };
		63277D5121A3E1F900194751 /* LYJudgeVCTool.m in Sources */ = {isa = PBXBuildFile; fileRef = 63277D5021A3E1F900194751 /* LYJudgeVCTool.m */; };
		63277D5421A3E74700194751 /* Target_LYHomePageAction.m in Sources */ = {isa = PBXBuildFile; fileRef = 63277D5321A3E74700194751 /* Target_LYHomePageAction.m */; };
		63277D5721A3F55F00194751 /* LYHomeDataResponse.m in Sources */ = {isa = PBXBuildFile; fileRef = 63277D5621A3F55F00194751 /* LYHomeDataResponse.m */; };
		63277D5A21A3F7A500194751 /* LYArticleListModel.m in Sources */ = {isa = PBXBuildFile; fileRef = 63277D5921A3F7A500194751 /* LYArticleListModel.m */; };
		63277D5D21A3F86400194751 /* LYArticleCategoryModel.m in Sources */ = {isa = PBXBuildFile; fileRef = 63277D5B21A3F86400194751 /* LYArticleCategoryModel.m */; };
		6333942621A2C11200DE2DA7 /* LYBaseViewController.m in Sources */ = {isa = PBXBuildFile; fileRef = 6333942521A2C11200DE2DA7 /* LYBaseViewController.m */; };
		6333942921A2C19100DE2DA7 /* LYBaseNavigationViewController.m in Sources */ = {isa = PBXBuildFile; fileRef = 6333942821A2C19100DE2DA7 /* LYBaseNavigationViewController.m */; };
		6333942C21A2C1AC00DE2DA7 /* LYBaseTabBarController.m in Sources */ = {isa = PBXBuildFile; fileRef = 6333942B21A2C1AC00DE2DA7 /* LYBaseTabBarController.m */; };
		6333943021A2C22D00DE2DA7 /* UIBarButtonItem+HSImageBarButton.m in Sources */ = {isa = PBXBuildFile; fileRef = 6333942E21A2C22D00DE2DA7 /* UIBarButtonItem+HSImageBarButton.m */; };
		6333944321A2CC9000DE2DA7 /* LYHomePageViewController.m in Sources */ = {isa = PBXBuildFile; fileRef = 6333944221A2CC9000DE2DA7 /* LYHomePageViewController.m */; };
		6333944621A2CE3600DE2DA7 /* LYPresenter.m in Sources */ = {isa = PBXBuildFile; fileRef = 6333944521A2CE3600DE2DA7 /* LYPresenter.m */; };
		6333944A21A2D5EF00DE2DA7 /* LYHomePagePresenter.m in Sources */ = {isa = PBXBuildFile; fileRef = 6333944921A2D5EF00DE2DA7 /* LYHomePagePresenter.m */; };
		6333944D21A2D60100DE2DA7 /* LYHttpPresenter.m in Sources */ = {isa = PBXBuildFile; fileRef = 6333944C21A2D60100DE2DA7 /* LYHttpPresenter.m */; };
		636FA29021A2A53000F4030E /* Assets.xcassets in Resources */ = {isa = PBXBuildFile; fileRef = 636FA28F21A2A53000F4030E /* Assets.xcassets */; };
		636FA29621A2A53000F4030E /* main.m in Sources */ = {isa = PBXBuildFile; fileRef = 636FA29521A2A53000F4030E /* main.m */; };
		636FA2B821A2AEAC00F4030E /* AppDelegate.m in Sources */ = {isa = PBXBuildFile; fileRef = 636FA29E21A2AEAC00F4030E /* AppDelegate.m */; };
		636FA2BA21A2B14800F4030E /* ModulesRegister.plist in Resources */ = {isa = PBXBuildFile; fileRef = 636FA2B921A2B14800F4030E /* ModulesRegister.plist */; };
		639EA52121A6482E00A1C04C /* LYArticleListTableViewCell.m in Sources */ = {isa = PBXBuildFile; fileRef = 639EA52021A6482E00A1C04C /* LYArticleListTableViewCell.m */; };
		639EA52521A662F200A1C04C /* LYArticleDetailView.m in Sources */ = {isa = PBXBuildFile; fileRef = 639EA52421A662F200A1C04C /* LYArticleDetailView.m */; };
		639EA52821A6641900A1C04C /* LYArticleDetailPresenter.m in Sources */ = {isa = PBXBuildFile; fileRef = 639EA52721A6641900A1C04C /* LYArticleDetailPresenter.m */; };
		639EA52B21A6732700A1C04C /* LYArticleDetailRequest.m in Sources */ = {isa = PBXBuildFile; fileRef = 639EA52A21A6732700A1C04C /* LYArticleDetailRequest.m */; };
		639EA52E21A6750E00A1C04C /* LYArticleDetailDataModel.m in Sources */ = {isa = PBXBuildFile; fileRef = 639EA52D21A6750E00A1C04C /* LYArticleDetailDataModel.m */; };
		639EA53221A6887100A1C04C /* LYPageContext.m in Sources */ = {isa = PBXBuildFile; fileRef = 639EA53121A6887100A1C04C /* LYPageContext.m */; };
		639EA53521A68F3A00A1C04C /* LYMineView.m in Sources */ = {isa = PBXBuildFile; fileRef = 639EA53321A68F3A00A1C04C /* LYMineView.m */; };
		639EA53821A68F6200A1C04C /* LYToolsViewController.m in Sources */ = {isa = PBXBuildFile; fileRef = 639EA53721A68F6200A1C04C /* LYToolsViewController.m */; };
		D32A43BE29F27E34B31BE0A5 /* libPods-Lucky.a in Frameworks */ = {isa = PBXBuildFile; fileRef = 12C41CF9D979D93D529D7115 /* libPods-Lucky.a */; };
/* End PBXBuildFile section */

/* Begin PBXFileReference section */
		12C41CF9D979D93D529D7115 /* libPods-Lucky.a */ = {isa = PBXFileReference; explicitFileType = archive.ar; includeInIndex = 0; path = "libPods-Lucky.a"; sourceTree = BUILT_PRODUCTS_DIR; };
		63277D2021A3A17A00194751 /* LYBaseAPIProxy.h */ = {isa = PBXFileReference; lastKnownFileType = sourcecode.c.h; path = LYBaseAPIProxy.h; sourceTree = "<group>"; };
		63277D2121A3A17A00194751 /* LYBaseAPIProxy.m */ = {isa = PBXFileReference; lastKnownFileType = sourcecode.c.objc; path = LYBaseAPIProxy.m; sourceTree = "<group>"; };
		63277D2321A3A1E200194751 /* LYBaseAPIResponse.h */ = {isa = PBXFileReference; lastKnownFileType = sourcecode.c.h; path = LYBaseAPIResponse.h; sourceTree = "<group>"; };
		63277D2421A3A1E200194751 /* LYBaseAPIResponse.m */ = {isa = PBXFileReference; lastKnownFileType = sourcecode.c.objc; path = LYBaseAPIResponse.m; sourceTree = "<group>"; };
		63277D2721A3A40D00194751 /* NSObject+Additions.m */ = {isa = PBXFileReference; fileEncoding = 4; lastKnownFileType = sourcecode.c.objc; path = "NSObject+Additions.m"; sourceTree = "<group>"; };
		63277D2821A3A40D00194751 /* NSObject+Additions.h */ = {isa = PBXFileReference; fileEncoding = 4; lastKnownFileType = sourcecode.c.h; path = "NSObject+Additions.h"; sourceTree = "<group>"; };
		63277D2B21A3A55300194751 /* LYBaseAPIRequest.h */ = {isa = PBXFileReference; lastKnownFileType = sourcecode.c.h; path = LYBaseAPIRequest.h; sourceTree = "<group>"; };
		63277D2C21A3A55300194751 /* LYBaseAPIRequest.m */ = {isa = PBXFileReference; lastKnownFileType = sourcecode.c.objc; path = LYBaseAPIRequest.m; sourceTree = "<group>"; };
		63277D2E21A3A56400194751 /* LYPageAPIRequest.h */ = {isa = PBXFileReference; lastKnownFileType = sourcecode.c.h; path = LYPageAPIRequest.h; sourceTree = "<group>"; };
		63277D2F21A3A56400194751 /* LYPageAPIRequest.m */ = {isa = PBXFileReference; lastKnownFileType = sourcecode.c.objc; path = LYPageAPIRequest.m; sourceTree = "<group>"; };
		63277D3221A3A79200194751 /* MBProgressHUD+LYAdditions.h */ = {isa = PBXFileReference; lastKnownFileType = sourcecode.c.h; path = "MBProgressHUD+LYAdditions.h"; sourceTree = "<group>"; };
		63277D3321A3A79200194751 /* MBProgressHUD+LYAdditions.m */ = {isa = PBXFileReference; lastKnownFileType = sourcecode.c.objc; path = "MBProgressHUD+LYAdditions.m"; sourceTree = "<group>"; };
		63277D3621A3A84900194751 /* LYAppCommon.h */ = {isa = PBXFileReference; fileEncoding = 4; lastKnownFileType = sourcecode.c.h; path = LYAppCommon.h; sourceTree = "<group>"; };
		63277D3721A3A84900194751 /* LYAppCommon.m */ = {isa = PBXFileReference; fileEncoding = 4; lastKnownFileType = sourcecode.c.objc; path = LYAppCommon.m; sourceTree = "<group>"; };
		63277D3921A3AC1A00194751 /* LYURLCommon.h */ = {isa = PBXFileReference; lastKnownFileType = sourcecode.c.h; path = LYURLCommon.h; sourceTree = "<group>"; };
		63277D3A21A3AC1A00194751 /* LYURLCommon.m */ = {isa = PBXFileReference; lastKnownFileType = sourcecode.c.objc; path = LYURLCommon.m; sourceTree = "<group>"; };
		63277D3C21A3ACC800194751 /* LYCommentModel.m */ = {isa = PBXFileReference; fileEncoding = 4; lastKnownFileType = sourcecode.c.objc; path = LYCommentModel.m; sourceTree = "<group>"; };
		63277D3D21A3ACC800194751 /* LYCommentModel.h */ = {isa = PBXFileReference; fileEncoding = 4; lastKnownFileType = sourcecode.c.h; path = LYCommentModel.h; sourceTree = "<group>"; };
		63277D3F21A3B8A800194751 /* LYHomePageRequest.h */ = {isa = PBXFileReference; lastKnownFileType = sourcecode.c.h; path = LYHomePageRequest.h; sourceTree = "<group>"; };
		63277D4021A3B8A800194751 /* LYHomePageRequest.m */ = {isa = PBXFileReference; lastKnownFileType = sourcecode.c.objc; path = LYHomePageRequest.m; sourceTree = "<group>"; };
		63277D4221A3C89700194751 /* LYHomePageView.h */ = {isa = PBXFileReference; lastKnownFileType = sourcecode.c.h; path = LYHomePageView.h; sourceTree = "<group>"; };
		63277D4321A3C89700194751 /* LYHomePageView.m */ = {isa = PBXFileReference; lastKnownFileType = sourcecode.c.objc; path = LYHomePageView.m; sourceTree = "<group>"; };
		63277D4521A3D4AF00194751 /* view_bg_image.png */ = {isa = PBXFileReference; lastKnownFileType = image.png; path = view_bg_image.png; sourceTree = "<group>"; };
		63277D4821A3DF7E00194751 /* CTMediator+LYHomePageVCMediator.h */ = {isa = PBXFileReference; lastKnownFileType = sourcecode.c.h; path = "CTMediator+LYHomePageVCMediator.h"; sourceTree = "<group>"; };
		63277D4921A3DF7E00194751 /* CTMediator+LYHomePageVCMediator.m */ = {isa = PBXFileReference; lastKnownFileType = sourcecode.c.objc; path = "CTMediator+LYHomePageVCMediator.m"; sourceTree = "<group>"; };
		63277D4B21A3E0A600194751 /* LYArticleDetailViewController.h */ = {isa = PBXFileReference; lastKnownFileType = sourcecode.c.h; path = LYArticleDetailViewController.h; sourceTree = "<group>"; };
		63277D4C21A3E0A600194751 /* LYArticleDetailViewController.m */ = {isa = PBXFileReference; lastKnownFileType = sourcecode.c.objc; path = LYArticleDetailViewController.m; sourceTree = "<group>"; };
		63277D4F21A3E1F900194751 /* LYJudgeVCTool.h */ = {isa = PBXFileReference; lastKnownFileType = sourcecode.c.h; path = LYJudgeVCTool.h; sourceTree = "<group>"; };
		63277D5021A3E1F900194751 /* LYJudgeVCTool.m */ = {isa = PBXFileReference; lastKnownFileType = sourcecode.c.objc; path = LYJudgeVCTool.m; sourceTree = "<group>"; };
		63277D5221A3E74700194751 /* Target_LYHomePageAction.h */ = {isa = PBXFileReference; lastKnownFileType = sourcecode.c.h; path = Target_LYHomePageAction.h; sourceTree = "<group>"; };
		63277D5321A3E74700194751 /* Target_LYHomePageAction.m */ = {isa = PBXFileReference; lastKnownFileType = sourcecode.c.objc; path = Target_LYHomePageAction.m; sourceTree = "<group>"; };
		63277D5521A3F55F00194751 /* LYHomeDataResponse.h */ = {isa = PBXFileReference; lastKnownFileType = sourcecode.c.h; path = LYHomeDataResponse.h; sourceTree = "<group>"; };
		63277D5621A3F55F00194751 /* LYHomeDataResponse.m */ = {isa = PBXFileReference; lastKnownFileType = sourcecode.c.objc; path = LYHomeDataResponse.m; sourceTree = "<group>"; };
		63277D5821A3F7A500194751 /* LYArticleListModel.h */ = {isa = PBXFileReference; lastKnownFileType = sourcecode.c.h; path = LYArticleListModel.h; sourceTree = "<group>"; };
		63277D5921A3F7A500194751 /* LYArticleListModel.m */ = {isa = PBXFileReference; lastKnownFileType = sourcecode.c.objc; path = LYArticleListModel.m; sourceTree = "<group>"; };
		63277D5B21A3F86400194751 /* LYArticleCategoryModel.m */ = {isa = PBXFileReference; fileEncoding = 4; lastKnownFileType = sourcecode.c.objc; path = LYArticleCategoryModel.m; sourceTree = "<group>"; };
		63277D5C21A3F86400194751 /* LYArticleCategoryModel.h */ = {isa = PBXFileReference; fileEncoding = 4; lastKnownFileType = sourcecode.c.h; path = LYArticleCategoryModel.h; sourceTree = "<group>"; };
		6333942021A2BFCF00DE2DA7 /* Lucky.pch */ = {isa = PBXFileReference; lastKnownFileType = sourcecode.c.h; path = Lucky.pch; sourceTree = "<group>"; };
		6333942421A2C11200DE2DA7 /* LYBaseViewController.h */ = {isa = PBXFileReference; lastKnownFileType = sourcecode.c.h; path = LYBaseViewController.h; sourceTree = "<group>"; };
		6333942521A2C11200DE2DA7 /* LYBaseViewController.m */ = {isa = PBXFileReference; lastKnownFileType = sourcecode.c.objc; path = LYBaseViewController.m; sourceTree = "<group>"; };
		6333942721A2C19100DE2DA7 /* LYBaseNavigationViewController.h */ = {isa = PBXFileReference; lastKnownFileType = sourcecode.c.h; path = LYBaseNavigationViewController.h; sourceTree = "<group>"; };
		6333942821A2C19100DE2DA7 /* LYBaseNavigationViewController.m */ = {isa = PBXFileReference; lastKnownFileType = sourcecode.c.objc; path = LYBaseNavigationViewController.m; sourceTree = "<group>"; };
		6333942A21A2C1AC00DE2DA7 /* LYBaseTabBarController.h */ = {isa = PBXFileReference; lastKnownFileType = sourcecode.c.h; path = LYBaseTabBarController.h; sourceTree = "<group>"; };
		6333942B21A2C1AC00DE2DA7 /* LYBaseTabBarController.m */ = {isa = PBXFileReference; lastKnownFileType = sourcecode.c.objc; path = LYBaseTabBarController.m; sourceTree = "<group>"; };
		6333942E21A2C22D00DE2DA7 /* UIBarButtonItem+HSImageBarButton.m */ = {isa = PBXFileReference; fileEncoding = 4; lastKnownFileType = sourcecode.c.objc; path = "UIBarButtonItem+HSImageBarButton.m"; sourceTree = "<group>"; };
		6333942F21A2C22D00DE2DA7 /* UIBarButtonItem+HSImageBarButton.h */ = {isa = PBXFileReference; fileEncoding = 4; lastKnownFileType = sourcecode.c.h; path = "UIBarButtonItem+HSImageBarButton.h"; sourceTree = "<group>"; };
		6333944121A2CC9000DE2DA7 /* LYHomePageViewController.h */ = {isa = PBXFileReference; lastKnownFileType = sourcecode.c.h; path = LYHomePageViewController.h; sourceTree = "<group>"; };
		6333944221A2CC9000DE2DA7 /* LYHomePageViewController.m */ = {isa = PBXFileReference; lastKnownFileType = sourcecode.c.objc; path = LYHomePageViewController.m; sourceTree = "<group>"; };
		6333944421A2CE3600DE2DA7 /* LYPresenter.h */ = {isa = PBXFileReference; lastKnownFileType = sourcecode.c.h; path = LYPresenter.h; sourceTree = "<group>"; };
		6333944521A2CE3600DE2DA7 /* LYPresenter.m */ = {isa = PBXFileReference; lastKnownFileType = sourcecode.c.objc; path = LYPresenter.m; sourceTree = "<group>"; };
		6333944721A2D55D00DE2DA7 /* LYHomePageViewProtocol.h */ = {isa = PBXFileReference; lastKnownFileType = sourcecode.c.h; path = LYHomePageViewProtocol.h; sourceTree = "<group>"; };
		6333944821A2D5EF00DE2DA7 /* LYHomePagePresenter.h */ = {isa = PBXFileReference; lastKnownFileType = sourcecode.c.h; path = LYHomePagePresenter.h; sourceTree = "<group>"; };
		6333944921A2D5EF00DE2DA7 /* LYHomePagePresenter.m */ = {isa = PBXFileReference; lastKnownFileType = sourcecode.c.objc; path = LYHomePagePresenter.m; sourceTree = "<group>"; };
		6333944B21A2D60100DE2DA7 /* LYHttpPresenter.h */ = {isa = PBXFileReference; lastKnownFileType = sourcecode.c.h; path = LYHttpPresenter.h; sourceTree = "<group>"; };
		6333944C21A2D60100DE2DA7 /* LYHttpPresenter.m */ = {isa = PBXFileReference; lastKnownFileType = sourcecode.c.objc; path = LYHttpPresenter.m; sourceTree = "<group>"; };
		6333944E21A2D6AE00DE2DA7 /* LYHttpResponseHandle.h */ = {isa = PBXFileReference; lastKnownFileType = sourcecode.c.h; path = LYHttpResponseHandle.h; sourceTree = "<group>"; };
		636FA28321A2A52E00F4030E /* Lucky.app */ = {isa = PBXFileReference; explicitFileType = wrapper.application; includeInIndex = 0; path = Lucky.app; sourceTree = BUILT_PRODUCTS_DIR; };
		636FA28F21A2A53000F4030E /* Assets.xcassets */ = {isa = PBXFileReference; lastKnownFileType = folder.assetcatalog; path = Assets.xcassets; sourceTree = "<group>"; };
		636FA29421A2A53000F4030E /* Info.plist */ = {isa = PBXFileReference; lastKnownFileType = text.plist.xml; path = Info.plist; sourceTree = "<group>"; };
		636FA29521A2A53000F4030E /* main.m */ = {isa = PBXFileReference; lastKnownFileType = sourcecode.c.objc; path = main.m; sourceTree = "<group>"; };
		636FA29D21A2AEAC00F4030E /* AppDelegate.h */ = {isa = PBXFileReference; fileEncoding = 4; lastKnownFileType = sourcecode.c.h; path = AppDelegate.h; sourceTree = "<group>"; };
		636FA29E21A2AEAC00F4030E /* AppDelegate.m */ = {isa = PBXFileReference; fileEncoding = 4; lastKnownFileType = sourcecode.c.objc; path = AppDelegate.m; sourceTree = "<group>"; };
		636FA2B921A2B14800F4030E /* ModulesRegister.plist */ = {isa = PBXFileReference; fileEncoding = 4; lastKnownFileType = text.plist.xml; path = ModulesRegister.plist; sourceTree = "<group>"; };
		639EA51F21A6482E00A1C04C /* LYArticleListTableViewCell.h */ = {isa = PBXFileReference; lastKnownFileType = sourcecode.c.h; path = LYArticleListTableViewCell.h; sourceTree = "<group>"; };
		639EA52021A6482E00A1C04C /* LYArticleListTableViewCell.m */ = {isa = PBXFileReference; lastKnownFileType = sourcecode.c.objc; path = LYArticleListTableViewCell.m; sourceTree = "<group>"; };
		639EA52221A65B5B00A1C04C /* LYMacro.h */ = {isa = PBXFileReference; lastKnownFileType = sourcecode.c.h; path = LYMacro.h; sourceTree = "<group>"; };
		639EA52321A662F200A1C04C /* LYArticleDetailView.h */ = {isa = PBXFileReference; lastKnownFileType = sourcecode.c.h; path = LYArticleDetailView.h; sourceTree = "<group>"; };
		639EA52421A662F200A1C04C /* LYArticleDetailView.m */ = {isa = PBXFileReference; lastKnownFileType = sourcecode.c.objc; path = LYArticleDetailView.m; sourceTree = "<group>"; };
		639EA52621A6641900A1C04C /* LYArticleDetailPresenter.h */ = {isa = PBXFileReference; lastKnownFileType = sourcecode.c.h; path = LYArticleDetailPresenter.h; sourceTree = "<group>"; };
		639EA52721A6641900A1C04C /* LYArticleDetailPresenter.m */ = {isa = PBXFileReference; lastKnownFileType = sourcecode.c.objc; path = LYArticleDetailPresenter.m; sourceTree = "<group>"; };
		639EA52921A6732700A1C04C /* LYArticleDetailRequest.h */ = {isa = PBXFileReference; lastKnownFileType = sourcecode.c.h; path = LYArticleDetailRequest.h; sourceTree = "<group>"; };
		639EA52A21A6732700A1C04C /* LYArticleDetailRequest.m */ = {isa = PBXFileReference; lastKnownFileType = sourcecode.c.objc; path = LYArticleDetailRequest.m; sourceTree = "<group>"; };
		639EA52C21A6750E00A1C04C /* LYArticleDetailDataModel.h */ = {isa = PBXFileReference; lastKnownFileType = sourcecode.c.h; path = LYArticleDetailDataModel.h; sourceTree = "<group>"; };
		639EA52D21A6750E00A1C04C /* LYArticleDetailDataModel.m */ = {isa = PBXFileReference; lastKnownFileType = sourcecode.c.objc; path = LYArticleDetailDataModel.m; sourceTree = "<group>"; };
		639EA53021A6887100A1C04C /* LYPageContext.h */ = {isa = PBXFileReference; lastKnownFileType = sourcecode.c.h; path = LYPageContext.h; sourceTree = "<group>"; };
		639EA53121A6887100A1C04C /* LYPageContext.m */ = {isa = PBXFileReference; lastKnownFileType = sourcecode.c.objc; path = LYPageContext.m; sourceTree = "<group>"; };
		639EA53321A68F3A00A1C04C /* LYMineView.m */ = {isa = PBXFileReference; fileEncoding = 4; lastKnownFileType = sourcecode.c.objc; path = LYMineView.m; sourceTree = "<group>"; };
		639EA53421A68F3A00A1C04C /* LYMineView.h */ = {isa = PBXFileReference; fileEncoding = 4; lastKnownFileType = sourcecode.c.h; path = LYMineView.h; sourceTree = "<group>"; };
		639EA53621A68F6200A1C04C /* LYToolsViewController.h */ = {isa = PBXFileReference; lastKnownFileType = sourcecode.c.h; path = LYToolsViewController.h; sourceTree = "<group>"; };
		639EA53721A68F6200A1C04C /* LYToolsViewController.m */ = {isa = PBXFileReference; lastKnownFileType = sourcecode.c.objc; path = LYToolsViewController.m; sourceTree = "<group>"; };
		819C31AE5779A426BF7A52C2 /* Pods-Lucky.release.xcconfig */ = {isa = PBXFileReference; includeInIndex = 1; lastKnownFileType = text.xcconfig; name = "Pods-Lucky.release.xcconfig"; path = "Target Support Files/Pods-Lucky/Pods-Lucky.release.xcconfig"; sourceTree = "<group>"; };
		A4EAC53ABB3B3B7824D71E3B /* Pods-Lucky.debug.xcconfig */ = {isa = PBXFileReference; includeInIndex = 1; lastKnownFileType = text.xcconfig; name = "Pods-Lucky.debug.xcconfig"; path = "Target Support Files/Pods-Lucky/Pods-Lucky.debug.xcconfig"; sourceTree = "<group>"; };
/* End PBXFileReference section */

/* Begin PBXFrameworksBuildPhase section */
		636FA28021A2A52E00F4030E /* Frameworks */ = {
			isa = PBXFrameworksBuildPhase;
			buildActionMask = 2147483647;
			files = (
				D32A43BE29F27E34B31BE0A5 /* libPods-Lucky.a in Frameworks */,
			);
			runOnlyForDeploymentPostprocessing = 0;
		};
/* End PBXFrameworksBuildPhase section */

/* Begin PBXGroup section */
		5157536B9C261E5E29029DD4 /* Frameworks */ = {
			isa = PBXGroup;
			children = (
				12C41CF9D979D93D529D7115 /* libPods-Lucky.a */,
			);
			name = Frameworks;
			sourceTree = "<group>";
		};
		63277D2621A3A40D00194751 /* NSObject */ = {
			isa = PBXGroup;
			children = (
				63277D2721A3A40D00194751 /* NSObject+Additions.m */,
				63277D2821A3A40D00194751 /* NSObject+Additions.h */,
			);
			path = NSObject;
			sourceTree = "<group>";
		};
		63277D2A21A3A41400194751 /* UIButton */ = {
			isa = PBXGroup;
			children = (
			);
			path = UIButton;
			sourceTree = "<group>";
		};
		63277D3121A3A77200194751 /* MBProgressHUD */ = {
			isa = PBXGroup;
			children = (
				63277D3221A3A79200194751 /* MBProgressHUD+LYAdditions.h */,
				63277D3321A3A79200194751 /* MBProgressHUD+LYAdditions.m */,
			);
			path = MBProgressHUD;
			sourceTree = "<group>";
		};
		63277D3521A3A84900194751 /* AppCommon */ = {
			isa = PBXGroup;
			children = (
				63277D3D21A3ACC800194751 /* LYCommentModel.h */,
				63277D3C21A3ACC800194751 /* LYCommentModel.m */,
				63277D3621A3A84900194751 /* LYAppCommon.h */,
				63277D3721A3A84900194751 /* LYAppCommon.m */,
				63277D3921A3AC1A00194751 /* LYURLCommon.h */,
				63277D3A21A3AC1A00194751 /* LYURLCommon.m */,
			);
			path = AppCommon;
			sourceTree = "<group>";
		};
		63277D4721A3DB8200194751 /* Target-Action */ = {
			isa = PBXGroup;
			children = (
				63277D4821A3DF7E00194751 /* CTMediator+LYHomePageVCMediator.h */,
				63277D4921A3DF7E00194751 /* CTMediator+LYHomePageVCMediator.m */,
				63277D5221A3E74700194751 /* Target_LYHomePageAction.h */,
				63277D5321A3E74700194751 /* Target_LYHomePageAction.m */,
			);
			path = "Target-Action";
			sourceTree = "<group>";
		};
		63277D4E21A3E11A00194751 /* Tool */ = {
			isa = PBXGroup;
			children = (
				63277D4F21A3E1F900194751 /* LYJudgeVCTool.h */,
				63277D5021A3E1F900194751 /* LYJudgeVCTool.m */,
			);
			path = Tool;
			sourceTree = "<group>";
		};
		6333942121A2C0CC00DE2DA7 /* Base */ = {
			isa = PBXGroup;
			children = (
				6333943421A2C80800DE2DA7 /* BasePresenter */,
				6333942221A2C0CC00DE2DA7 /* BaseViewController */,
				6333942321A2C0CC00DE2DA7 /* BaseRequest */,
			);
			path = Base;
			sourceTree = "<group>";
		};
		6333942221A2C0CC00DE2DA7 /* BaseViewController */ = {
			isa = PBXGroup;
			children = (
				6333942421A2C11200DE2DA7 /* LYBaseViewController.h */,
				6333942521A2C11200DE2DA7 /* LYBaseViewController.m */,
				6333942721A2C19100DE2DA7 /* LYBaseNavigationViewController.h */,
				6333942821A2C19100DE2DA7 /* LYBaseNavigationViewController.m */,
				6333942A21A2C1AC00DE2DA7 /* LYBaseTabBarController.h */,
				6333942B21A2C1AC00DE2DA7 /* LYBaseTabBarController.m */,
			);
			path = BaseViewController;
			sourceTree = "<group>";
		};
		6333942321A2C0CC00DE2DA7 /* BaseRequest */ = {
			isa = PBXGroup;
			children = (
				63277D3121A3A77200194751 /* MBProgressHUD */,
				63277D2021A3A17A00194751 /* LYBaseAPIProxy.h */,
				63277D2121A3A17A00194751 /* LYBaseAPIProxy.m */,
				63277D2321A3A1E200194751 /* LYBaseAPIResponse.h */,
				63277D2421A3A1E200194751 /* LYBaseAPIResponse.m */,
				63277D2B21A3A55300194751 /* LYBaseAPIRequest.h */,
				63277D2C21A3A55300194751 /* LYBaseAPIRequest.m */,
				63277D2E21A3A56400194751 /* LYPageAPIRequest.h */,
				63277D2F21A3A56400194751 /* LYPageAPIRequest.m */,
			);
			path = BaseRequest;
			sourceTree = "<group>";
		};
		6333942D21A2C22D00DE2DA7 /* UIBarButtonItem */ = {
			isa = PBXGroup;
			children = (
				6333942E21A2C22D00DE2DA7 /* UIBarButtonItem+HSImageBarButton.m */,
				6333942F21A2C22D00DE2DA7 /* UIBarButtonItem+HSImageBarButton.h */,
			);
			path = UIBarButtonItem;
			sourceTree = "<group>";
		};
		6333943421A2C80800DE2DA7 /* BasePresenter */ = {
			isa = PBXGroup;
			children = (
				6333944421A2CE3600DE2DA7 /* LYPresenter.h */,
				6333944521A2CE3600DE2DA7 /* LYPresenter.m */,
				6333944B21A2D60100DE2DA7 /* LYHttpPresenter.h */,
				6333944C21A2D60100DE2DA7 /* LYHttpPresenter.m */,
				6333944E21A2D6AE00DE2DA7 /* LYHttpResponseHandle.h */,
			);
			path = BasePresenter;
			sourceTree = "<group>";
		};
		636FA27A21A2A52E00F4030E = {
			isa = PBXGroup;
			children = (
				63277D4521A3D4AF00194751 /* view_bg_image.png */,
				636FA28521A2A52E00F4030E /* Lucky */,
				636FA28421A2A52E00F4030E /* Products */,
				B08643F0205BE746BDFC7264 /* Pods */,
				5157536B9C261E5E29029DD4 /* Frameworks */,
			);
			sourceTree = "<group>";
		};
		636FA28421A2A52E00F4030E /* Products */ = {
			isa = PBXGroup;
			children = (
				636FA28321A2A52E00F4030E /* Lucky.app */,
			);
			name = Products;
			sourceTree = "<group>";
		};
		636FA28521A2A52E00F4030E /* Lucky */ = {
			isa = PBXGroup;
			children = (
				636FA29C21A2AEAC00F4030E /* AppDelegate */,
				636FA29F21A2AEAC00F4030E /* CodeModule */,
				636FA28F21A2A53000F4030E /* Assets.xcassets */,
				636FA29421A2A53000F4030E /* Info.plist */,
				636FA29521A2A53000F4030E /* main.m */,
				6333942021A2BFCF00DE2DA7 /* Lucky.pch */,
			);
			path = Lucky;
			sourceTree = "<group>";
		};
		636FA29C21A2AEAC00F4030E /* AppDelegate */ = {
			isa = PBXGroup;
			children = (
				636FA2B921A2B14800F4030E /* ModulesRegister.plist */,
				636FA29D21A2AEAC00F4030E /* AppDelegate.h */,
				636FA29E21A2AEAC00F4030E /* AppDelegate.m */,
			);
			path = AppDelegate;
			sourceTree = "<group>";
		};
		636FA29F21A2AEAC00F4030E /* CodeModule */ = {
			isa = PBXGroup;
			children = (
				636FA2A021A2AEAC00F4030E /* CommonModule */,
				636FA2AA21A2AEAC00F4030E /* PersonCenterModule */,
				636FA2B121A2AEAC00F4030E /* HomePageModule */,
			);
			path = CodeModule;
			sourceTree = "<group>";
		};
		636FA2A021A2AEAC00F4030E /* CommonModule */ = {
			isa = PBXGroup;
			children = (
				639EA52F21A6886700A1C04C /* PageContext */,
				639EA52221A65B5B00A1C04C /* LYMacro.h */,
				63277D4E21A3E11A00194751 /* Tool */,
				63277D3521A3A84900194751 /* AppCommon */,
				6333942121A2C0CC00DE2DA7 /* Base */,
				636FA2A121A2AEAC00F4030E /* ThirdLib */,
				636FA2A221A2AEAC00F4030E /* Category */,
			);
			path = CommonModule;
			sourceTree = "<group>";
		};
		636FA2A121A2AEAC00F4030E /* ThirdLib */ = {
			isa = PBXGroup;
			children = (
			);
			path = ThirdLib;
			sourceTree = "<group>";
		};
		636FA2A221A2AEAC00F4030E /* Category */ = {
			isa = PBXGroup;
			children = (
				63277D2A21A3A41400194751 /* UIButton */,
				63277D2621A3A40D00194751 /* NSObject */,
				6333942D21A2C22D00DE2DA7 /* UIBarButtonItem */,
				636FA2A321A2AEAC00F4030E /* UIColor */,
				636FA2A421A2AEAC00F4030E /* UIView */,
				636FA2A521A2AEAC00F4030E /* UIFont */,
				636FA2A621A2AEAC00F4030E /* NSString */,
				636FA2A721A2AEAC00F4030E /* UIViewController */,
				636FA2A821A2AEAC00F4030E /* UINavigationController */,
				636FA2A921A2AEAC00F4030E /* UITableView */,
			);
			path = Category;
			sourceTree = "<group>";
		};
		636FA2A321A2AEAC00F4030E /* UIColor */ = {
			isa = PBXGroup;
			children = (
			);
			path = UIColor;
			sourceTree = "<group>";
		};
		636FA2A421A2AEAC00F4030E /* UIView */ = {
			isa = PBXGroup;
			children = (
			);
			path = UIView;
			sourceTree = "<group>";
		};
		636FA2A521A2AEAC00F4030E /* UIFont */ = {
			isa = PBXGroup;
			children = (
			);
			path = UIFont;
			sourceTree = "<group>";
		};
		636FA2A621A2AEAC00F4030E /* NSString */ = {
			isa = PBXGroup;
			children = (
			);
			path = NSString;
			sourceTree = "<group>";
		};
		636FA2A721A2AEAC00F4030E /* UIViewController */ = {
			isa = PBXGroup;
			children = (
			);
			path = UIViewController;
			sourceTree = "<group>";
		};
		636FA2A821A2AEAC00F4030E /* UINavigationController */ = {
			isa = PBXGroup;
			children = (
			);
			path = UINavigationController;
			sourceTree = "<group>";
		};
		636FA2A921A2AEAC00F4030E /* UITableView */ = {
			isa = PBXGroup;
			children = (
			);
			path = UITableView;
			sourceTree = "<group>";
		};
		636FA2AA21A2AEAC00F4030E /* PersonCenterModule */ = {
			isa = PBXGroup;
			children = (
				636FA2AB21A2AEAC00F4030E /* Presenter */,
				636FA2AC21A2AEAC00F4030E /* Protocol */,
				636FA2AD21A2AEAC00F4030E /* Controller */,
				636FA2AE21A2AEAC00F4030E /* Model */,
				636FA2AF21A2AEAC00F4030E /* View */,
				636FA2B021A2AEAC00F4030E /* Request */,
			);
			path = PersonCenterModule;
			sourceTree = "<group>";
		};
		636FA2AB21A2AEAC00F4030E /* Presenter */ = {
			isa = PBXGroup;
			children = (
			);
			path = Presenter;
			sourceTree = "<group>";
		};
		636FA2AC21A2AEAC00F4030E /* Protocol */ = {
			isa = PBXGroup;
			children = (
			);
			path = Protocol;
			sourceTree = "<group>";
		};
		636FA2AD21A2AEAC00F4030E /* Controller */ = {
			isa = PBXGroup;
			children = (
			);
			path = Controller;
			sourceTree = "<group>";
		};
		636FA2AE21A2AEAC00F4030E /* Model */ = {
			isa = PBXGroup;
			children = (
			);
			path = Model;
			sourceTree = "<group>";
		};
		636FA2AF21A2AEAC00F4030E /* View */ = {
			isa = PBXGroup;
			children = (
			);
			path = View;
			sourceTree = "<group>";
		};
		636FA2B021A2AEAC00F4030E /* Request */ = {
			isa = PBXGroup;
			children = (
			);
			path = Request;
			sourceTree = "<group>";
		};
		636FA2B121A2AEAC00F4030E /* HomePageModule */ = {
			isa = PBXGroup;
			children = (
				63277D4721A3DB8200194751 /* Target-Action */,
				636FA2B221A2AEAC00F4030E /* Presenter */,
				636FA2B321A2AEAC00F4030E /* Protocol */,
				636FA2B421A2AEAC00F4030E /* Controller */,
				636FA2B521A2AEAC00F4030E /* Model */,
				636FA2B621A2AEAC00F4030E /* View */,
				636FA2B721A2AEAC00F4030E /* Request */,
			);
			path = HomePageModule;
			sourceTree = "<group>";
		};
		636FA2B221A2AEAC00F4030E /* Presenter */ = {
			isa = PBXGroup;
			children = (
				6333944821A2D5EF00DE2DA7 /* LYHomePagePresenter.h */,
				6333944921A2D5EF00DE2DA7 /* LYHomePagePresenter.m */,
				639EA52621A6641900A1C04C /* LYArticleDetailPresenter.h */,
				639EA52721A6641900A1C04C /* LYArticleDetailPresenter.m */,
			);
			path = Presenter;
			sourceTree = "<group>";
		};
		636FA2B321A2AEAC00F4030E /* Protocol */ = {
			isa = PBXGroup;
			children = (
				6333944721A2D55D00DE2DA7 /* LYHomePageViewProtocol.h */,
			);
			path = Protocol;
			sourceTree = "<group>";
		};
		636FA2B421A2AEAC00F4030E /* Controller */ = {
			isa = PBXGroup;
			children = (
				6333944121A2CC9000DE2DA7 /* LYHomePageViewController.h */,
				6333944221A2CC9000DE2DA7 /* LYHomePageViewController.m */,
				63277D4B21A3E0A600194751 /* LYArticleDetailViewController.h */,
				63277D4C21A3E0A600194751 /* LYArticleDetailViewController.m */,
				639EA53621A68F6200A1C04C /* LYToolsViewController.h */,
				639EA53721A68F6200A1C04C /* LYToolsViewController.m */,
			);
			path = Controller;
			sourceTree = "<group>";
		};
		636FA2B521A2AEAC00F4030E /* Model */ = {
			isa = PBXGroup;
			children = (
				63277D5C21A3F86400194751 /* LYArticleCategoryModel.h */,
				63277D5B21A3F86400194751 /* LYArticleCategoryModel.m */,
				63277D5521A3F55F00194751 /* LYHomeDataResponse.h */,
				63277D5621A3F55F00194751 /* LYHomeDataResponse.m */,
				63277D5821A3F7A500194751 /* LYArticleListModel.h */,
				63277D5921A3F7A500194751 /* LYArticleListModel.m */,
				639EA52C21A6750E00A1C04C /* LYArticleDetailDataModel.h */,
				639EA52D21A6750E00A1C04C /* LYArticleDetailDataModel.m */,
			);
			path = Model;
			sourceTree = "<group>";
		};
		636FA2B621A2AEAC00F4030E /* View */ = {
			isa = PBXGroup;
			children = (
				639EA53421A68F3A00A1C04C /* LYMineView.h */,
				639EA53321A68F3A00A1C04C /* LYMineView.m */,
				63277D4221A3C89700194751 /* LYHomePageView.h */,
				63277D4321A3C89700194751 /* LYHomePageView.m */,
				639EA51F21A6482E00A1C04C /* LYArticleListTableViewCell.h */,
				639EA52021A6482E00A1C04C /* LYArticleListTableViewCell.m */,
				639EA52321A662F200A1C04C /* LYArticleDetailView.h */,
				639EA52421A662F200A1C04C /* LYArticleDetailView.m */,
			);
			path = View;
			sourceTree = "<group>";
		};
		636FA2B721A2AEAC00F4030E /* Request */ = {
			isa = PBXGroup;
			children = (
				63277D3F21A3B8A800194751 /* LYHomePageRequest.h */,
				63277D4021A3B8A800194751 /* LYHomePageRequest.m */,
				639EA52921A6732700A1C04C /* LYArticleDetailRequest.h */,
				639EA52A21A6732700A1C04C /* LYArticleDetailRequest.m */,
			);
			path = Request;
			sourceTree = "<group>";
		};
		639EA52F21A6886700A1C04C /* PageContext */ = {
			isa = PBXGroup;
			children = (
				639EA53021A6887100A1C04C /* LYPageContext.h */,
				639EA53121A6887100A1C04C /* LYPageContext.m */,
			);
			path = PageContext;
			sourceTree = "<group>";
		};
		B08643F0205BE746BDFC7264 /* Pods */ = {
			isa = PBXGroup;
			children = (
				A4EAC53ABB3B3B7824D71E3B /* Pods-Lucky.debug.xcconfig */,
				819C31AE5779A426BF7A52C2 /* Pods-Lucky.release.xcconfig */,
			);
			path = Pods;
			sourceTree = "<group>";
		};
/* End PBXGroup section */

/* Begin PBXNativeTarget section */
		636FA28221A2A52E00F4030E /* Lucky */ = {
			isa = PBXNativeTarget;
			buildConfigurationList = 636FA29921A2A53000F4030E /* Build configuration list for PBXNativeTarget "Lucky" */;
			buildPhases = (
				C96AB8F374EABBEAA99A971B /* [CP] Check Pods Manifest.lock */,
				636FA27F21A2A52E00F4030E /* Sources */,
				636FA28021A2A52E00F4030E /* Frameworks */,
				636FA28121A2A52E00F4030E /* Resources */,
				83D1ADA7C436D99308BF9CDB /* [CP] Copy Pods Resources */,
			);
			buildRules = (
			);
			dependencies = (
			);
			name = Lucky;
			productName = Lucky;
			productReference = 636FA28321A2A52E00F4030E /* Lucky.app */;
			productType = "com.apple.product-type.application";
		};
/* End PBXNativeTarget section */

/* Begin PBXProject section */
		636FA27B21A2A52E00F4030E /* Project object */ = {
			isa = PBXProject;
			attributes = {
				CLASSPREFIX = LY;
				LastUpgradeCheck = 1010;
				ORGANIZATIONNAME = "赵良育";
				TargetAttributes = {
					636FA28221A2A52E00F4030E = {
						CreatedOnToolsVersion = 10.1;
					};
				};
			};
			buildConfigurationList = 636FA27E21A2A52E00F4030E /* Build configuration list for PBXProject "Lucky" */;
			compatibilityVersion = "Xcode 9.3";
			developmentRegion = en;
			hasScannedForEncodings = 0;
			knownRegions = (
				en,
				Base,
			);
			mainGroup = 636FA27A21A2A52E00F4030E;
			productRefGroup = 636FA28421A2A52E00F4030E /* Products */;
			projectDirPath = "";
			projectRoot = "";
			targets = (
				636FA28221A2A52E00F4030E /* Lucky */,
			);
		};
/* End PBXProject section */

/* Begin PBXResourcesBuildPhase section */
		636FA28121A2A52E00F4030E /* Resources */ = {
			isa = PBXResourcesBuildPhase;
			buildActionMask = 2147483647;
			files = (
				63277D4621A3D4AF00194751 /* view_bg_image.png in Resources */,
				636FA29021A2A53000F4030E /* Assets.xcassets in Resources */,
				636FA2BA21A2B14800F4030E /* ModulesRegister.plist in Resources */,
			);
			runOnlyForDeploymentPostprocessing = 0;
		};
/* End PBXResourcesBuildPhase section */

/* Begin PBXShellScriptBuildPhase section */
		83D1ADA7C436D99308BF9CDB /* [CP] Copy Pods Resources */ = {
			isa = PBXShellScriptBuildPhase;
			buildActionMask = 2147483647;
			files = (
			);
			inputFileListPaths = (
			);
			inputPaths = (
				"${PODS_ROOT}/Target Support Files/Pods-Lucky/Pods-Lucky-resources.sh",
				"${PODS_ROOT}/MJRefresh/MJRefresh/MJRefresh.bundle",
				"${PODS_ROOT}/TZImagePickerController/TZImagePickerController/TZImagePickerController/TZImagePickerController.bundle",
			);
			name = "[CP] Copy Pods Resources";
			outputFileListPaths = (
			);
			outputPaths = (
				"${TARGET_BUILD_DIR}/${UNLOCALIZED_RESOURCES_FOLDER_PATH}/MJRefresh.bundle",
				"${TARGET_BUILD_DIR}/${UNLOCALIZED_RESOURCES_FOLDER_PATH}/TZImagePickerController.bundle",
			);
			runOnlyForDeploymentPostprocessing = 0;
			shellPath = /bin/sh;
			shellScript = "\"${PODS_ROOT}/Target Support Files/Pods-Lucky/Pods-Lucky-resources.sh\"\n";
			showEnvVarsInLog = 0;
		};
		C96AB8F374EABBEAA99A971B /* [CP] Check Pods Manifest.lock */ = {
			isa = PBXShellScriptBuildPhase;
			buildActionMask = 2147483647;
			files = (
			);
			inputFileListPaths = (
			);
			inputPaths = (
				"${PODS_PODFILE_DIR_PATH}/Podfile.lock",
				"${PODS_ROOT}/Manifest.lock",
			);
			name = "[CP] Check Pods Manifest.lock";
			outputFileListPaths = (
			);
			outputPaths = (
				"$(DERIVED_FILE_DIR)/Pods-Lucky-checkManifestLockResult.txt",
			);
			runOnlyForDeploymentPostprocessing = 0;
			shellPath = /bin/sh;
			shellScript = "diff \"${PODS_PODFILE_DIR_PATH}/Podfile.lock\" \"${PODS_ROOT}/Manifest.lock\" > /dev/null\nif [ $? != 0 ] ; then\n    # print error to STDERR\n    echo \"error: The sandbox is not in sync with the Podfile.lock. Run 'pod install' or update your CocoaPods installation.\" >&2\n    exit 1\nfi\n# This output is used by Xcode 'outputs' to avoid re-running this script phase.\necho \"SUCCESS\" > \"${SCRIPT_OUTPUT_FILE_0}\"\n";
			showEnvVarsInLog = 0;
		};
/* End PBXShellScriptBuildPhase section */

/* Begin PBXSourcesBuildPhase section */
		636FA27F21A2A52E00F4030E /* Sources */ = {
			isa = PBXSourcesBuildPhase;
			buildActionMask = 2147483647;
			files = (
				639EA52E21A6750E00A1C04C /* LYArticleDetailDataModel.m in Sources */,
				63277D5721A3F55F00194751 /* LYHomeDataResponse.m in Sources */,
				6333944321A2CC9000DE2DA7 /* LYHomePageViewController.m in Sources */,
				639EA53221A6887100A1C04C /* LYPageContext.m in Sources */,
				63277D3021A3A56400194751 /* LYPageAPIRequest.m in Sources */,
				63277D5D21A3F86400194751 /* LYArticleCategoryModel.m in Sources */,
				6333942921A2C19100DE2DA7 /* LYBaseNavigationViewController.m in Sources */,
				63277D2D21A3A55300194751 /* LYBaseAPIRequest.m in Sources */,
				63277D5A21A3F7A500194751 /* LYArticleListModel.m in Sources */,
				63277D4A21A3DF7E00194751 /* CTMediator+LYHomePageVCMediator.m in Sources */,
				63277D5121A3E1F900194751 /* LYJudgeVCTool.m in Sources */,
				63277D2921A3A40D00194751 /* NSObject+Additions.m in Sources */,
				63277D3821A3A84900194751 /* LYAppCommon.m in Sources */,
				63277D3E21A3ACC900194751 /* LYCommentModel.m in Sources */,
				639EA53521A68F3A00A1C04C /* LYMineView.m in Sources */,
				636FA29621A2A53000F4030E /* main.m in Sources */,
				63277D2521A3A1E200194751 /* LYBaseAPIResponse.m in Sources */,
				6333944D21A2D60100DE2DA7 /* LYHttpPresenter.m in Sources */,
				63277D4121A3B8A800194751 /* LYHomePageRequest.m in Sources */,
				636FA2B821A2AEAC00F4030E /* AppDelegate.m in Sources */,
				6333942C21A2C1AC00DE2DA7 /* LYBaseTabBarController.m in Sources */,
				63277D5421A3E74700194751 /* Target_LYHomePageAction.m in Sources */,
				63277D3421A3A79200194751 /* MBProgressHUD+LYAdditions.m in Sources */,
				6333944621A2CE3600DE2DA7 /* LYPresenter.m in Sources */,
				63277D2221A3A17A00194751 /* LYBaseAPIProxy.m in Sources */,
				63277D4421A3C89700194751 /* LYHomePageView.m in Sources */,
				639EA52521A662F200A1C04C /* LYArticleDetailView.m in Sources */,
				639EA53821A68F6200A1C04C /* LYToolsViewController.m in Sources */,
				639EA52B21A6732700A1C04C /* LYArticleDetailRequest.m in Sources */,
				639EA52121A6482E00A1C04C /* LYArticleListTableViewCell.m in Sources */,
				6333942621A2C11200DE2DA7 /* LYBaseViewController.m in Sources */,
				639EA52821A6641900A1C04C /* LYArticleDetailPresenter.m in Sources */,
				6333944A21A2D5EF00DE2DA7 /* LYHomePagePresenter.m in Sources */,
				63277D4D21A3E0A600194751 /* LYArticleDetailViewController.m in Sources */,
				6333943021A2C22D00DE2DA7 /* UIBarButtonItem+HSImageBarButton.m in Sources */,
				63277D3B21A3AC1A00194751 /* LYURLCommon.m in Sources */,
			);
			runOnlyForDeploymentPostprocessing = 0;
		};
/* End PBXSourcesBuildPhase section */

/* Begin XCBuildConfiguration section */
		636FA29721A2A53000F4030E /* Debug */ = {
			isa = XCBuildConfiguration;
			buildSettings = {
				ALWAYS_SEARCH_USER_PATHS = NO;
				CLANG_ANALYZER_NONNULL = YES;
				CLANG_ANALYZER_NUMBER_OBJECT_CONVERSION = YES_AGGRESSIVE;
				CLANG_CXX_LANGUAGE_STANDARD = "gnu++14";
				CLANG_CXX_LIBRARY = "libc++";
				CLANG_ENABLE_MODULES = YES;
				CLANG_ENABLE_OBJC_ARC = YES;
				CLANG_ENABLE_OBJC_WEAK = YES;
				CLANG_WARN_BLOCK_CAPTURE_AUTORELEASING = YES;
				CLANG_WARN_BOOL_CONVERSION = YES;
				CLANG_WARN_COMMA = YES;
				CLANG_WARN_CONSTANT_CONVERSION = YES;
				CLANG_WARN_DEPRECATED_OBJC_IMPLEMENTATIONS = YES;
				CLANG_WARN_DIRECT_OBJC_ISA_USAGE = YES_ERROR;
				CLANG_WARN_DOCUMENTATION_COMMENTS = YES;
				CLANG_WARN_EMPTY_BODY = YES;
				CLANG_WARN_ENUM_CONVERSION = YES;
				CLANG_WARN_INFINITE_RECURSION = YES;
				CLANG_WARN_INT_CONVERSION = YES;
				CLANG_WARN_NON_LITERAL_NULL_CONVERSION = YES;
				CLANG_WARN_OBJC_IMPLICIT_RETAIN_SELF = YES;
				CLANG_WARN_OBJC_LITERAL_CONVERSION = YES;
				CLANG_WARN_OBJC_ROOT_CLASS = YES_ERROR;
				CLANG_WARN_RANGE_LOOP_ANALYSIS = YES;
				CLANG_WARN_STRICT_PROTOTYPES = YES;
				CLANG_WARN_SUSPICIOUS_MOVE = YES;
				CLANG_WARN_UNGUARDED_AVAILABILITY = YES_AGGRESSIVE;
				CLANG_WARN_UNREACHABLE_CODE = YES;
				CLANG_WARN__DUPLICATE_METHOD_MATCH = YES;
				CODE_SIGN_IDENTITY = "iPhone Developer";
				COPY_PHASE_STRIP = NO;
				DEBUG_INFORMATION_FORMAT = dwarf;
				ENABLE_STRICT_OBJC_MSGSEND = YES;
				ENABLE_TESTABILITY = YES;
				GCC_C_LANGUAGE_STANDARD = gnu11;
				GCC_DYNAMIC_NO_PIC = NO;
				GCC_NO_COMMON_BLOCKS = YES;
				GCC_OPTIMIZATION_LEVEL = 0;
				GCC_PREPROCESSOR_DEFINITIONS = (
					"DEBUG=1",
					"$(inherited)",
				);
				GCC_WARN_64_TO_32_BIT_CONVERSION = YES;
				GCC_WARN_ABOUT_RETURN_TYPE = YES_ERROR;
				GCC_WARN_UNDECLARED_SELECTOR = YES;
				GCC_WARN_UNINITIALIZED_AUTOS = YES_AGGRESSIVE;
				GCC_WARN_UNUSED_FUNCTION = YES;
				GCC_WARN_UNUSED_VARIABLE = YES;
				IPHONEOS_DEPLOYMENT_TARGET = 12.1;
				MTL_ENABLE_DEBUG_INFO = INCLUDE_SOURCE;
				MTL_FAST_MATH = YES;
				ONLY_ACTIVE_ARCH = YES;
				SDKROOT = iphoneos;
			};
			name = Debug;
		};
		636FA29821A2A53000F4030E /* Release */ = {
			isa = XCBuildConfiguration;
			buildSettings = {
				ALWAYS_SEARCH_USER_PATHS = NO;
				CLANG_ANALYZER_NONNULL = YES;
				CLANG_ANALYZER_NUMBER_OBJECT_CONVERSION = YES_AGGRESSIVE;
				CLANG_CXX_LANGUAGE_STANDARD = "gnu++14";
				CLANG_CXX_LIBRARY = "libc++";
				CLANG_ENABLE_MODULES = YES;
				CLANG_ENABLE_OBJC_ARC = YES;
				CLANG_ENABLE_OBJC_WEAK = YES;
				CLANG_WARN_BLOCK_CAPTURE_AUTORELEASING = YES;
				CLANG_WARN_BOOL_CONVERSION = YES;
				CLANG_WARN_COMMA = YES;
				CLANG_WARN_CONSTANT_CONVERSION = YES;
				CLANG_WARN_DEPRECATED_OBJC_IMPLEMENTATIONS = YES;
				CLANG_WARN_DIRECT_OBJC_ISA_USAGE = YES_ERROR;
				CLANG_WARN_DOCUMENTATION_COMMENTS = YES;
				CLANG_WARN_EMPTY_BODY = YES;
				CLANG_WARN_ENUM_CONVERSION = YES;
				CLANG_WARN_INFINITE_RECURSION = YES;
				CLANG_WARN_INT_CONVERSION = YES;
				CLANG_WARN_NON_LITERAL_NULL_CONVERSION = YES;
				CLANG_WARN_OBJC_IMPLICIT_RETAIN_SELF = YES;
				CLANG_WARN_OBJC_LITERAL_CONVERSION = YES;
				CLANG_WARN_OBJC_ROOT_CLASS = YES_ERROR;
				CLANG_WARN_RANGE_LOOP_ANALYSIS = YES;
				CLANG_WARN_STRICT_PROTOTYPES = YES;
				CLANG_WARN_SUSPICIOUS_MOVE = YES;
				CLANG_WARN_UNGUARDED_AVAILABILITY = YES_AGGRESSIVE;
				CLANG_WARN_UNREACHABLE_CODE = YES;
				CLANG_WARN__DUPLICATE_METHOD_MATCH = YES;
				CODE_SIGN_IDENTITY = "iPhone Developer";
				COPY_PHASE_STRIP = NO;
				DEBUG_INFORMATION_FORMAT = "dwarf-with-dsym";
				ENABLE_NS_ASSERTIONS = NO;
				ENABLE_STRICT_OBJC_MSGSEND = YES;
				GCC_C_LANGUAGE_STANDARD = gnu11;
				GCC_NO_COMMON_BLOCKS = YES;
				GCC_WARN_64_TO_32_BIT_CONVERSION = YES;
				GCC_WARN_ABOUT_RETURN_TYPE = YES_ERROR;
				GCC_WARN_UNDECLARED_SELECTOR = YES;
				GCC_WARN_UNINITIALIZED_AUTOS = YES_AGGRESSIVE;
				GCC_WARN_UNUSED_FUNCTION = YES;
				GCC_WARN_UNUSED_VARIABLE = YES;
				IPHONEOS_DEPLOYMENT_TARGET = 12.1;
				MTL_ENABLE_DEBUG_INFO = NO;
				MTL_FAST_MATH = YES;
				SDKROOT = iphoneos;
				VALIDATE_PRODUCT = YES;
			};
			name = Release;
		};
		636FA29A21A2A53000F4030E /* Debug */ = {
			isa = XCBuildConfiguration;
			baseConfigurationReference = A4EAC53ABB3B3B7824D71E3B /* Pods-Lucky.debug.xcconfig */;
			buildSettings = {
				ASSETCATALOG_COMPILER_APPICON_NAME = AppIcon;
				ASSETCATALOG_COMPILER_LAUNCHIMAGE_NAME = LaunchImage;
				CODE_SIGN_STYLE = Automatic;
				DEVELOPMENT_TEAM = N2Y7YB87T9;
				ENABLE_BITCODE = NO;
				GCC_PREFIX_HEADER = "$(SRCROOT)/Lucky/Lucky.pch";
				INFOPLIST_FILE = Lucky/Info.plist;
				IPHONEOS_DEPLOYMENT_TARGET = 8.0;
				LD_RUNPATH_SEARCH_PATHS = (
					"$(inherited)",
					"@executable_path/Frameworks",
				);
				ONLY_ACTIVE_ARCH = YES;
				PRODUCT_BUNDLE_IDENTIFIER = com.sunshine.Lucky;
				PRODUCT_NAME = "$(TARGET_NAME)";
				TARGETED_DEVICE_FAMILY = 1;
				USER_HEADER_SEARCH_PATHS = "$(PODS_ROOT)/**";
			};
			name = Debug;
		};
		636FA29B21A2A53000F4030E /* Release */ = {
			isa = XCBuildConfiguration;
			baseConfigurationReference = 819C31AE5779A426BF7A52C2 /* Pods-Lucky.release.xcconfig */;
			buildSettings = {
				ASSETCATALOG_COMPILER_APPICON_NAME = AppIcon;
				ASSETCATALOG_COMPILER_LAUNCHIMAGE_NAME = LaunchImage;
				CODE_SIGN_STYLE = Automatic;
				DEVELOPMENT_TEAM = N2Y7YB87T9;
				ENABLE_BITCODE = NO;
				GCC_PREFIX_HEADER = "$(SRCROOT)/Lucky/Lucky.pch";
				INFOPLIST_FILE = Lucky/Info.plist;
				IPHONEOS_DEPLOYMENT_TARGET = 8.0;
				LD_RUNPATH_SEARCH_PATHS = (
					"$(inherited)",
					"@executable_path/Frameworks",
				);
				ONLY_ACTIVE_ARCH = YES;
				PRODUCT_BUNDLE_IDENTIFIER = com.sunshine.Lucky;
				PRODUCT_NAME = "$(TARGET_NAME)";
				TARGETED_DEVICE_FAMILY = 1;
				USER_HEADER_SEARCH_PATHS = "$(PODS_ROOT)/**";
			};
			name = Release;
		};
/* End XCBuildConfiguration section */

/* Begin XCConfigurationList section */
		636FA27E21A2A52E00F4030E /* Build configuration list for PBXProject "Lucky" */ = {
			isa = XCConfigurationList;
			buildConfigurations = (
				636FA29721A2A53000F4030E /* Debug */,
				636FA29821A2A53000F4030E /* Release */,
			);
			defaultConfigurationIsVisible = 0;
			defaultConfigurationName = Release;
		};
		636FA29921A2A53000F4030E /* Build configuration list for PBXNativeTarget "Lucky" */ = {
			isa = XCConfigurationList;
			buildConfigurations = (
				636FA29A21A2A53000F4030E /* Debug */,
				636FA29B21A2A53000F4030E /* Release */,
			);
			defaultConfigurationIsVisible = 0;
			defaultConfigurationName = Release;
		};
/* End XCConfigurationList section */
	};
	rootObject = 636FA27B21A2A52E00F4030E /* Project object */;
}
