// !$*UTF8*$!
{
	archiveVersion = 1;
	classes = {
	};
	objectVersion = 50;
	objects = {

/* Begin PBXBuildFile section */
		6333942621A2C11200DE2DA7 /* LYBaseViewController.m in Sources */ = {isa = PBXBuildFile; fileRef = 6333942521A2C11200DE2DA7 /* LYBaseViewController.m */; };
		6333942921A2C19100DE2DA7 /* LYBaseNavigationViewController.m in Sources */ = {isa = PBXBuildFile; fileRef = 6333942821A2C19100DE2DA7 /* LYBaseNavigationViewController.m */; };
		6333942C21A2C1AC00DE2DA7 /* LYBaseTabBarController.m in Sources */ = {isa = PBXBuildFile; fileRef = 6333942B21A2C1AC00DE2DA7 /* LYBaseTabBarController.m */; };
		6333943021A2C22D00DE2DA7 /* UIBarButtonItem+HSImageBarButton.m in Sources */ = {isa = PBXBuildFile; fileRef = 6333942E21A2C22D00DE2DA7 /* UIBarButtonItem+HSImageBarButton.m */; };
		6333943321A2C48000DE2DA7 /* LYHomePageViewController.m in Sources */ = {isa = PBXBuildFile; fileRef = 6333943221A2C48000DE2DA7 /* LYHomePageViewController.m */; };
		636FA29021A2A53000F4030E /* Assets.xcassets in Resources */ = {isa = PBXBuildFile; fileRef = 636FA28F21A2A53000F4030E /* Assets.xcassets */; };
		636FA29621A2A53000F4030E /* main.m in Sources */ = {isa = PBXBuildFile; fileRef = 636FA29521A2A53000F4030E /* main.m */; };
		636FA2B821A2AEAC00F4030E /* AppDelegate.m in Sources */ = {isa = PBXBuildFile; fileRef = 636FA29E21A2AEAC00F4030E /* AppDelegate.m */; };
		636FA2BA21A2B14800F4030E /* ModulesRegister.plist in Resources */ = {isa = PBXBuildFile; fileRef = 636FA2B921A2B14800F4030E /* ModulesRegister.plist */; };
		D32A43BE29F27E34B31BE0A5 /* libPods-Lucky.a in Frameworks */ = {isa = PBXBuildFile; fileRef = 12C41CF9D979D93D529D7115 /* libPods-Lucky.a */; };
/* End PBXBuildFile section */

/* Begin PBXFileReference section */
		12C41CF9D979D93D529D7115 /* libPods-Lucky.a */ = {isa = PBXFileReference; explicitFileType = archive.ar; includeInIndex = 0; path = "libPods-Lucky.a"; sourceTree = BUILT_PRODUCTS_DIR; };
		6333942021A2BFCF00DE2DA7 /* Lucky.pch */ = {isa = PBXFileReference; lastKnownFileType = sourcecode.c.h; path = Lucky.pch; sourceTree = "<group>"; };
		6333942421A2C11200DE2DA7 /* LYBaseViewController.h */ = {isa = PBXFileReference; lastKnownFileType = sourcecode.c.h; path = LYBaseViewController.h; sourceTree = "<group>"; };
		6333942521A2C11200DE2DA7 /* LYBaseViewController.m */ = {isa = PBXFileReference; lastKnownFileType = sourcecode.c.objc; path = LYBaseViewController.m; sourceTree = "<group>"; };
		6333942721A2C19100DE2DA7 /* LYBaseNavigationViewController.h */ = {isa = PBXFileReference; lastKnownFileType = sourcecode.c.h; path = LYBaseNavigationViewController.h; sourceTree = "<group>"; };
		6333942821A2C19100DE2DA7 /* LYBaseNavigationViewController.m */ = {isa = PBXFileReference; lastKnownFileType = sourcecode.c.objc; path = LYBaseNavigationViewController.m; sourceTree = "<group>"; };
		6333942A21A2C1AC00DE2DA7 /* LYBaseTabBarController.h */ = {isa = PBXFileReference; lastKnownFileType = sourcecode.c.h; path = LYBaseTabBarController.h; sourceTree = "<group>"; };
		6333942B21A2C1AC00DE2DA7 /* LYBaseTabBarController.m */ = {isa = PBXFileReference; lastKnownFileType = sourcecode.c.objc; path = LYBaseTabBarController.m; sourceTree = "<group>"; };
		6333942E21A2C22D00DE2DA7 /* UIBarButtonItem+HSImageBarButton.m */ = {isa = PBXFileReference; fileEncoding = 4; lastKnownFileType = sourcecode.c.objc; path = "UIBarButtonItem+HSImageBarButton.m"; sourceTree = "<group>"; };
		6333942F21A2C22D00DE2DA7 /* UIBarButtonItem+HSImageBarButton.h */ = {isa = PBXFileReference; fileEncoding = 4; lastKnownFileType = sourcecode.c.h; path = "UIBarButtonItem+HSImageBarButton.h"; sourceTree = "<group>"; };
		6333943121A2C48000DE2DA7 /* LYHomePageViewController.h */ = {isa = PBXFileReference; lastKnownFileType = sourcecode.c.h; path = LYHomePageViewController.h; sourceTree = "<group>"; };
		6333943221A2C48000DE2DA7 /* LYHomePageViewController.m */ = {isa = PBXFileReference; lastKnownFileType = sourcecode.c.objc; path = LYHomePageViewController.m; sourceTree = "<group>"; };
		636FA28321A2A52E00F4030E /* Lucky.app */ = {isa = PBXFileReference; explicitFileType = wrapper.application; includeInIndex = 0; path = Lucky.app; sourceTree = BUILT_PRODUCTS_DIR; };
		636FA28F21A2A53000F4030E /* Assets.xcassets */ = {isa = PBXFileReference; lastKnownFileType = folder.assetcatalog; path = Assets.xcassets; sourceTree = "<group>"; };
		636FA29421A2A53000F4030E /* Info.plist */ = {isa = PBXFileReference; lastKnownFileType = text.plist.xml; path = Info.plist; sourceTree = "<group>"; };
		636FA29521A2A53000F4030E /* main.m */ = {isa = PBXFileReference; lastKnownFileType = sourcecode.c.objc; path = main.m; sourceTree = "<group>"; };
		636FA29D21A2AEAC00F4030E /* AppDelegate.h */ = {isa = PBXFileReference; fileEncoding = 4; lastKnownFileType = sourcecode.c.h; path = AppDelegate.h; sourceTree = "<group>"; };
		636FA29E21A2AEAC00F4030E /* AppDelegate.m */ = {isa = PBXFileReference; fileEncoding = 4; lastKnownFileType = sourcecode.c.objc; path = AppDelegate.m; sourceTree = "<group>"; };
		636FA2B921A2B14800F4030E /* ModulesRegister.plist */ = {isa = PBXFileReference; fileEncoding = 4; lastKnownFileType = text.plist.xml; path = ModulesRegister.plist; sourceTree = "<group>"; };
		819C31AE5779A426BF7A52C2 /* Pods-Lucky.release.xcconfig */ = {isa = PBXFileReference; includeInIndex = 1; lastKnownFileType = text.xcconfig; name = "Pods-Lucky.release.xcconfig"; path = "Target Support Files/Pods-Lucky/Pods-Lucky.release.xcconfig"; sourceTree = "<group>"; };
		A4EAC53ABB3B3B7824D71E3B /* Pods-Lucky.debug.xcconfig */ = {isa = PBXFileReference; includeInIndex = 1; lastKnownFileType = text.xcconfig; name = "Pods-Lucky.debug.xcconfig"; path = "Target Support Files/Pods-Lucky/Pods-Lucky.debug.xcconfig"; sourceTree = "<group>"; };
/* End PBXFileReference section */

/* Begin PBXFrameworksBuildPhase section */
		636FA28021A2A52E00F4030E /* Frameworks */ = {
			isa = PBXFrameworksBuildPhase;
			buildActionMask = 2147483647;
			files = (
				D32A43BE29F27E34B31BE0A5 /* libPods-Lucky.a in Frameworks */,
			);
			runOnlyForDeploymentPostprocessing = 0;
		};
/* End PBXFrameworksBuildPhase section */

/* Begin PBXGroup section */
		5157536B9C261E5E29029DD4 /* Frameworks */ = {
			isa = PBXGroup;
			children = (
				12C41CF9D979D93D529D7115 /* libPods-Lucky.a */,
			);
			name = Frameworks;
			sourceTree = "<group>";
		};
		6333942121A2C0CC00DE2DA7 /* Base */ = {
			isa = PBXGroup;
			children = (
				6333942221A2C0CC00DE2DA7 /* BaseViewController */,
				6333942321A2C0CC00DE2DA7 /* BaseRequest */,
			);
			path = Base;
			sourceTree = "<group>";
		};
		6333942221A2C0CC00DE2DA7 /* BaseViewController */ = {
			isa = PBXGroup;
			children = (
				6333942421A2C11200DE2DA7 /* LYBaseViewController.h */,
				6333942521A2C11200DE2DA7 /* LYBaseViewController.m */,
				6333942721A2C19100DE2DA7 /* LYBaseNavigationViewController.h */,
				6333942821A2C19100DE2DA7 /* LYBaseNavigationViewController.m */,
				6333942A21A2C1AC00DE2DA7 /* LYBaseTabBarController.h */,
				6333942B21A2C1AC00DE2DA7 /* LYBaseTabBarController.m */,
			);
			path = BaseViewController;
			sourceTree = "<group>";
		};
		6333942321A2C0CC00DE2DA7 /* BaseRequest */ = {
			isa = PBXGroup;
			children = (
			);
			path = BaseRequest;
			sourceTree = "<group>";
		};
		6333942D21A2C22D00DE2DA7 /* UIBarButtonItem */ = {
			isa = PBXGroup;
			children = (
				6333942E21A2C22D00DE2DA7 /* UIBarButtonItem+HSImageBarButton.m */,
				6333942F21A2C22D00DE2DA7 /* UIBarButtonItem+HSImageBarButton.h */,
			);
			path = UIBarButtonItem;
			sourceTree = "<group>";
		};
		636FA27A21A2A52E00F4030E = {
			isa = PBXGroup;
			children = (
				636FA28521A2A52E00F4030E /* Lucky */,
				636FA28421A2A52E00F4030E /* Products */,
				B08643F0205BE746BDFC7264 /* Pods */,
				5157536B9C261E5E29029DD4 /* Frameworks */,
			);
			sourceTree = "<group>";
		};
		636FA28421A2A52E00F4030E /* Products */ = {
			isa = PBXGroup;
			children = (
				636FA28321A2A52E00F4030E /* Lucky.app */,
			);
			name = Products;
			sourceTree = "<group>";
		};
		636FA28521A2A52E00F4030E /* Lucky */ = {
			isa = PBXGroup;
			children = (
				636FA29C21A2AEAC00F4030E /* AppDelegate */,
				636FA29F21A2AEAC00F4030E /* CodeModule */,
				636FA28F21A2A53000F4030E /* Assets.xcassets */,
				636FA29421A2A53000F4030E /* Info.plist */,
				636FA29521A2A53000F4030E /* main.m */,
				6333942021A2BFCF00DE2DA7 /* Lucky.pch */,
			);
			path = Lucky;
			sourceTree = "<group>";
		};
		636FA29C21A2AEAC00F4030E /* AppDelegate */ = {
			isa = PBXGroup;
			children = (
				636FA2B921A2B14800F4030E /* ModulesRegister.plist */,
				636FA29D21A2AEAC00F4030E /* AppDelegate.h */,
				636FA29E21A2AEAC00F4030E /* AppDelegate.m */,
			);
			path = AppDelegate;
			sourceTree = "<group>";
		};
		636FA29F21A2AEAC00F4030E /* CodeModule */ = {
			isa = PBXGroup;
			children = (
				636FA2A021A2AEAC00F4030E /* CommonModule */,
				636FA2AA21A2AEAC00F4030E /* PersonCenterModule */,
				636FA2B121A2AEAC00F4030E /* HomePageModule */,
			);
			path = CodeModule;
			sourceTree = "<group>";
		};
		636FA2A021A2AEAC00F4030E /* CommonModule */ = {
			isa = PBXGroup;
			children = (
				6333942121A2C0CC00DE2DA7 /* Base */,
				636FA2A121A2AEAC00F4030E /* ThirdLib */,
				636FA2A221A2AEAC00F4030E /* Category */,
			);
			path = CommonModule;
			sourceTree = "<group>";
		};
		636FA2A121A2AEAC00F4030E /* ThirdLib */ = {
			isa = PBXGroup;
			children = (
			);
			path = ThirdLib;
			sourceTree = "<group>";
		};
		636FA2A221A2AEAC00F4030E /* Category */ = {
			isa = PBXGroup;
			children = (
				6333942D21A2C22D00DE2DA7 /* UIBarButtonItem */,
				636FA2A321A2AEAC00F4030E /* UIColor */,
				636FA2A421A2AEAC00F4030E /* UIView */,
				636FA2A521A2AEAC00F4030E /* UIFont */,
				636FA2A621A2AEAC00F4030E /* NSString */,
				636FA2A721A2AEAC00F4030E /* UIViewController */,
				636FA2A821A2AEAC00F4030E /* UINavigationController */,
				636FA2A921A2AEAC00F4030E /* UITableView */,
			);
			path = Category;
			sourceTree = "<group>";
		};
		636FA2A321A2AEAC00F4030E /* UIColor */ = {
			isa = PBXGroup;
			children = (
			);
			path = UIColor;
			sourceTree = "<group>";
		};
		636FA2A421A2AEAC00F4030E /* UIView */ = {
			isa = PBXGroup;
			children = (
			);
			path = UIView;
			sourceTree = "<group>";
		};
		636FA2A521A2AEAC00F4030E /* UIFont */ = {
			isa = PBXGroup;
			children = (
			);
			path = UIFont;
			sourceTree = "<group>";
		};
		636FA2A621A2AEAC00F4030E /* NSString */ = {
			isa = PBXGroup;
			children = (
			);
			path = NSString;
			sourceTree = "<group>";
		};
		636FA2A721A2AEAC00F4030E /* UIViewController */ = {
			isa = PBXGroup;
			children = (
			);
			path = UIViewController;
			sourceTree = "<group>";
		};
		636FA2A821A2AEAC00F4030E /* UINavigationController */ = {
			isa = PBXGroup;
			children = (
			);
			path = UINavigationController;
			sourceTree = "<group>";
		};
		636FA2A921A2AEAC00F4030E /* UITableView */ = {
			isa = PBXGroup;
			children = (
			);
			path = UITableView;
			sourceTree = "<group>";
		};
		636FA2AA21A2AEAC00F4030E /* PersonCenterModule */ = {
			isa = PBXGroup;
			children = (
				636FA2AB21A2AEAC00F4030E /* Presenter */,
				636FA2AC21A2AEAC00F4030E /* Protocol */,
				636FA2AD21A2AEAC00F4030E /* Controller */,
				636FA2AE21A2AEAC00F4030E /* Model */,
				636FA2AF21A2AEAC00F4030E /* View */,
				636FA2B021A2AEAC00F4030E /* Request */,
			);
			path = PersonCenterModule;
			sourceTree = "<group>";
		};
		636FA2AB21A2AEAC00F4030E /* Presenter */ = {
			isa = PBXGroup;
			children = (
			);
			path = Presenter;
			sourceTree = "<group>";
		};
		636FA2AC21A2AEAC00F4030E /* Protocol */ = {
			isa = PBXGroup;
			children = (
			);
			path = Protocol;
			sourceTree = "<group>";
		};
		636FA2AD21A2AEAC00F4030E /* Controller */ = {
			isa = PBXGroup;
			children = (
			);
			path = Controller;
			sourceTree = "<group>";
		};
		636FA2AE21A2AEAC00F4030E /* Model */ = {
			isa = PBXGroup;
			children = (
			);
			path = Model;
			sourceTree = "<group>";
		};
		636FA2AF21A2AEAC00F4030E /* View */ = {
			isa = PBXGroup;
			children = (
			);
			path = View;
			sourceTree = "<group>";
		};
		636FA2B021A2AEAC00F4030E /* Request */ = {
			isa = PBXGroup;
			children = (
			);
			path = Request;
			sourceTree = "<group>";
		};
		636FA2B121A2AEAC00F4030E /* HomePageModule */ = {
			isa = PBXGroup;
			children = (
				636FA2B221A2AEAC00F4030E /* Presenter */,
				636FA2B321A2AEAC00F4030E /* Protocol */,
				636FA2B421A2AEAC00F4030E /* Controller */,
				636FA2B521A2AEAC00F4030E /* Model */,
				636FA2B621A2AEAC00F4030E /* View */,
				636FA2B721A2AEAC00F4030E /* Request */,
			);
			path = HomePageModule;
			sourceTree = "<group>";
		};
		636FA2B221A2AEAC00F4030E /* Presenter */ = {
			isa = PBXGroup;
			children = (
			);
			path = Presenter;
			sourceTree = "<group>";
		};
		636FA2B321A2AEAC00F4030E /* Protocol */ = {
			isa = PBXGroup;
			children = (
			);
			path = Protocol;
			sourceTree = "<group>";
		};
		636FA2B421A2AEAC00F4030E /* Controller */ = {
			isa = PBXGroup;
			children = (
				6333943121A2C48000DE2DA7 /* LYHomePageViewController.h */,
				6333943221A2C48000DE2DA7 /* LYHomePageViewController.m */,
			);
			path = Controller;
			sourceTree = "<group>";
		};
		636FA2B521A2AEAC00F4030E /* Model */ = {
			isa = PBXGroup;
			children = (
			);
			path = Model;
			sourceTree = "<group>";
		};
		636FA2B621A2AEAC00F4030E /* View */ = {
			isa = PBXGroup;
			children = (
			);
			path = View;
			sourceTree = "<group>";
		};
		636FA2B721A2AEAC00F4030E /* Request */ = {
			isa = PBXGroup;
			children = (
			);
			path = Request;
			sourceTree = "<group>";
		};
		B08643F0205BE746BDFC7264 /* Pods */ = {
			isa = PBXGroup;
			children = (
				A4EAC53ABB3B3B7824D71E3B /* Pods-Lucky.debug.xcconfig */,
				819C31AE5779A426BF7A52C2 /* Pods-Lucky.release.xcconfig */,
			);
			path = Pods;
			sourceTree = "<group>";
		};
/* End PBXGroup section */

/* Begin PBXNativeTarget section */
		636FA28221A2A52E00F4030E /* Lucky */ = {
			isa = PBXNativeTarget;
			buildConfigurationList = 636FA29921A2A53000F4030E /* Build configuration list for PBXNativeTarget "Lucky" */;
			buildPhases = (
				C96AB8F374EABBEAA99A971B /* [CP] Check Pods Manifest.lock */,
				636FA27F21A2A52E00F4030E /* Sources */,
				636FA28021A2A52E00F4030E /* Frameworks */,
				636FA28121A2A52E00F4030E /* Resources */,
				83D1ADA7C436D99308BF9CDB /* [CP] Copy Pods Resources */,
			);
			buildRules = (
			);
			dependencies = (
			);
			name = Lucky;
			productName = Lucky;
			productReference = 636FA28321A2A52E00F4030E /* Lucky.app */;
			productType = "com.apple.product-type.application";
		};
/* End PBXNativeTarget section */

/* Begin PBXProject section */
		636FA27B21A2A52E00F4030E /* Project object */ = {
			isa = PBXProject;
			attributes = {
				CLASSPREFIX = LY;
				LastUpgradeCheck = 1010;
				ORGANIZATIONNAME = "赵良育";
				TargetAttributes = {
					636FA28221A2A52E00F4030E = {
						CreatedOnToolsVersion = 10.1;
					};
				};
			};
			buildConfigurationList = 636FA27E21A2A52E00F4030E /* Build configuration list for PBXProject "Lucky" */;
			compatibilityVersion = "Xcode 9.3";
			developmentRegion = en;
			hasScannedForEncodings = 0;
			knownRegions = (
				en,
				Base,
			);
			mainGroup = 636FA27A21A2A52E00F4030E;
			productRefGroup = 636FA28421A2A52E00F4030E /* Products */;
			projectDirPath = "";
			projectRoot = "";
			targets = (
				636FA28221A2A52E00F4030E /* Lucky */,
			);
		};
/* End PBXProject section */

/* Begin PBXResourcesBuildPhase section */
		636FA28121A2A52E00F4030E /* Resources */ = {
			isa = PBXResourcesBuildPhase;
			buildActionMask = 2147483647;
			files = (
				636FA29021A2A53000F4030E /* Assets.xcassets in Resources */,
				636FA2BA21A2B14800F4030E /* ModulesRegister.plist in Resources */,
			);
			runOnlyForDeploymentPostprocessing = 0;
		};
/* End PBXResourcesBuildPhase section */

/* Begin PBXShellScriptBuildPhase section */
		83D1ADA7C436D99308BF9CDB /* [CP] Copy Pods Resources */ = {
			isa = PBXShellScriptBuildPhase;
			buildActionMask = 2147483647;
			files = (
			);
			inputFileListPaths = (
			);
			inputPaths = (
				"${PODS_ROOT}/Target Support Files/Pods-Lucky/Pods-Lucky-resources.sh",
				"${PODS_ROOT}/MJRefresh/MJRefresh/MJRefresh.bundle",
				"${PODS_ROOT}/TZImagePickerController/TZImagePickerController/TZImagePickerController/TZImagePickerController.bundle",
			);
			name = "[CP] Copy Pods Resources";
			outputFileListPaths = (
			);
			outputPaths = (
				"${TARGET_BUILD_DIR}/${UNLOCALIZED_RESOURCES_FOLDER_PATH}/MJRefresh.bundle",
				"${TARGET_BUILD_DIR}/${UNLOCALIZED_RESOURCES_FOLDER_PATH}/TZImagePickerController.bundle",
			);
			runOnlyForDeploymentPostprocessing = 0;
			shellPath = /bin/sh;
			shellScript = "\"${PODS_ROOT}/Target Support Files/Pods-Lucky/Pods-Lucky-resources.sh\"\n";
			showEnvVarsInLog = 0;
		};
		C96AB8F374EABBEAA99A971B /* [CP] Check Pods Manifest.lock */ = {
			isa = PBXShellScriptBuildPhase;
			buildActionMask = 2147483647;
			files = (
			);
			inputFileListPaths = (
			);
			inputPaths = (
				"${PODS_PODFILE_DIR_PATH}/Podfile.lock",
				"${PODS_ROOT}/Manifest.lock",
			);
			name = "[CP] Check Pods Manifest.lock";
			outputFileListPaths = (
			);
			outputPaths = (
				"$(DERIVED_FILE_DIR)/Pods-Lucky-checkManifestLockResult.txt",
			);
			runOnlyForDeploymentPostprocessing = 0;
			shellPath = /bin/sh;
			shellScript = "diff \"${PODS_PODFILE_DIR_PATH}/Podfile.lock\" \"${PODS_ROOT}/Manifest.lock\" > /dev/null\nif [ $? != 0 ] ; then\n    # print error to STDERR\n    echo \"error: The sandbox is not in sync with the Podfile.lock. Run 'pod install' or update your CocoaPods installation.\" >&2\n    exit 1\nfi\n# This output is used by Xcode 'outputs' to avoid re-running this script phase.\necho \"SUCCESS\" > \"${SCRIPT_OUTPUT_FILE_0}\"\n";
			showEnvVarsInLog = 0;
		};
/* End PBXShellScriptBuildPhase section */

/* Begin PBXSourcesBuildPhase section */
		636FA27F21A2A52E00F4030E /* Sources */ = {
			isa = PBXSourcesBuildPhase;
			buildActionMask = 2147483647;
			files = (
				6333943321A2C48000DE2DA7 /* LYHomePageViewController.m in Sources */,
				6333942921A2C19100DE2DA7 /* LYBaseNavigationViewController.m in Sources */,
				636FA29621A2A53000F4030E /* main.m in Sources */,
				636FA2B821A2AEAC00F4030E /* AppDelegate.m in Sources */,
				6333942C21A2C1AC00DE2DA7 /* LYBaseTabBarController.m in Sources */,
				6333942621A2C11200DE2DA7 /* LYBaseViewController.m in Sources */,
				6333943021A2C22D00DE2DA7 /* UIBarButtonItem+HSImageBarButton.m in Sources */,
			);
			runOnlyForDeploymentPostprocessing = 0;
		};
/* End PBXSourcesBuildPhase section */

/* Begin XCBuildConfiguration section */
		636FA29721A2A53000F4030E /* Debug */ = {
			isa = XCBuildConfiguration;
			buildSettings = {
				ALWAYS_SEARCH_USER_PATHS = NO;
				CLANG_ANALYZER_NONNULL = YES;
				CLANG_ANALYZER_NUMBER_OBJECT_CONVERSION = YES_AGGRESSIVE;
				CLANG_CXX_LANGUAGE_STANDARD = "gnu++14";
				CLANG_CXX_LIBRARY = "libc++";
				CLANG_ENABLE_MODULES = YES;
				CLANG_ENABLE_OBJC_ARC = YES;
				CLANG_ENABLE_OBJC_WEAK = YES;
				CLANG_WARN_BLOCK_CAPTURE_AUTORELEASING = YES;
				CLANG_WARN_BOOL_CONVERSION = YES;
				CLANG_WARN_COMMA = YES;
				CLANG_WARN_CONSTANT_CONVERSION = YES;
				CLANG_WARN_DEPRECATED_OBJC_IMPLEMENTATIONS = YES;
				CLANG_WARN_DIRECT_OBJC_ISA_USAGE = YES_ERROR;
				CLANG_WARN_DOCUMENTATION_COMMENTS = YES;
				CLANG_WARN_EMPTY_BODY = YES;
				CLANG_WARN_ENUM_CONVERSION = YES;
				CLANG_WARN_INFINITE_RECURSION = YES;
				CLANG_WARN_INT_CONVERSION = YES;
				CLANG_WARN_NON_LITERAL_NULL_CONVERSION = YES;
				CLANG_WARN_OBJC_IMPLICIT_RETAIN_SELF = YES;
				CLANG_WARN_OBJC_LITERAL_CONVERSION = YES;
				CLANG_WARN_OBJC_ROOT_CLASS = YES_ERROR;
				CLANG_WARN_RANGE_LOOP_ANALYSIS = YES;
				CLANG_WARN_STRICT_PROTOTYPES = YES;
				CLANG_WARN_SUSPICIOUS_MOVE = YES;
				CLANG_WARN_UNGUARDED_AVAILABILITY = YES_AGGRESSIVE;
				CLANG_WARN_UNREACHABLE_CODE = YES;
				CLANG_WARN__DUPLICATE_METHOD_MATCH = YES;
				CODE_SIGN_IDENTITY = "iPhone Developer";
				COPY_PHASE_STRIP = NO;
				DEBUG_INFORMATION_FORMAT = dwarf;
				ENABLE_STRICT_OBJC_MSGSEND = YES;
				ENABLE_TESTABILITY = YES;
				GCC_C_LANGUAGE_STANDARD = gnu11;
				GCC_DYNAMIC_NO_PIC = NO;
				GCC_NO_COMMON_BLOCKS = YES;
				GCC_OPTIMIZATION_LEVEL = 0;
				GCC_PREPROCESSOR_DEFINITIONS = (
					"DEBUG=1",
					"$(inherited)",
				);
				GCC_WARN_64_TO_32_BIT_CONVERSION = YES;
				GCC_WARN_ABOUT_RETURN_TYPE = YES_ERROR;
				GCC_WARN_UNDECLARED_SELECTOR = YES;
				GCC_WARN_UNINITIALIZED_AUTOS = YES_AGGRESSIVE;
				GCC_WARN_UNUSED_FUNCTION = YES;
				GCC_WARN_UNUSED_VARIABLE = YES;
				IPHONEOS_DEPLOYMENT_TARGET = 12.1;
				MTL_ENABLE_DEBUG_INFO = INCLUDE_SOURCE;
				MTL_FAST_MATH = YES;
				ONLY_ACTIVE_ARCH = YES;
				SDKROOT = iphoneos;
			};
			name = Debug;
		};
		636FA29821A2A53000F4030E /* Release */ = {
			isa = XCBuildConfiguration;
			buildSettings = {
				ALWAYS_SEARCH_USER_PATHS = NO;
				CLANG_ANALYZER_NONNULL = YES;
				CLANG_ANALYZER_NUMBER_OBJECT_CONVERSION = YES_AGGRESSIVE;
				CLANG_CXX_LANGUAGE_STANDARD = "gnu++14";
				CLANG_CXX_LIBRARY = "libc++";
				CLANG_ENABLE_MODULES = YES;
				CLANG_ENABLE_OBJC_ARC = YES;
				CLANG_ENABLE_OBJC_WEAK = YES;
				CLANG_WARN_BLOCK_CAPTURE_AUTORELEASING = YES;
				CLANG_WARN_BOOL_CONVERSION = YES;
				CLANG_WARN_COMMA = YES;
				CLANG_WARN_CONSTANT_CONVERSION = YES;
				CLANG_WARN_DEPRECATED_OBJC_IMPLEMENTATIONS = YES;
				CLANG_WARN_DIRECT_OBJC_ISA_USAGE = YES_ERROR;
				CLANG_WARN_DOCUMENTATION_COMMENTS = YES;
				CLANG_WARN_EMPTY_BODY = YES;
				CLANG_WARN_ENUM_CONVERSION = YES;
				CLANG_WARN_INFINITE_RECURSION = YES;
				CLANG_WARN_INT_CONVERSION = YES;
				CLANG_WARN_NON_LITERAL_NULL_CONVERSION = YES;
				CLANG_WARN_OBJC_IMPLICIT_RETAIN_SELF = YES;
				CLANG_WARN_OBJC_LITERAL_CONVERSION = YES;
				CLANG_WARN_OBJC_ROOT_CLASS = YES_ERROR;
				CLANG_WARN_RANGE_LOOP_ANALYSIS = YES;
				CLANG_WARN_STRICT_PROTOTYPES = YES;
				CLANG_WARN_SUSPICIOUS_MOVE = YES;
				CLANG_WARN_UNGUARDED_AVAILABILITY = YES_AGGRESSIVE;
				CLANG_WARN_UNREACHABLE_CODE = YES;
				CLANG_WARN__DUPLICATE_METHOD_MATCH = YES;
				CODE_SIGN_IDENTITY = "iPhone Developer";
				COPY_PHASE_STRIP = NO;
				DEBUG_INFORMATION_FORMAT = "dwarf-with-dsym";
				ENABLE_NS_ASSERTIONS = NO;
				ENABLE_STRICT_OBJC_MSGSEND = YES;
				GCC_C_LANGUAGE_STANDARD = gnu11;
				GCC_NO_COMMON_BLOCKS = YES;
				GCC_WARN_64_TO_32_BIT_CONVERSION = YES;
				GCC_WARN_ABOUT_RETURN_TYPE = YES_ERROR;
				GCC_WARN_UNDECLARED_SELECTOR = YES;
				GCC_WARN_UNINITIALIZED_AUTOS = YES_AGGRESSIVE;
				GCC_WARN_UNUSED_FUNCTION = YES;
				GCC_WARN_UNUSED_VARIABLE = YES;
				IPHONEOS_DEPLOYMENT_TARGET = 12.1;
				MTL_ENABLE_DEBUG_INFO = NO;
				MTL_FAST_MATH = YES;
				SDKROOT = iphoneos;
				VALIDATE_PRODUCT = YES;
			};
			name = Release;
		};
		636FA29A21A2A53000F4030E /* Debug */ = {
			isa = XCBuildConfiguration;
			baseConfigurationReference = A4EAC53ABB3B3B7824D71E3B /* Pods-Lucky.debug.xcconfig */;
			buildSettings = {
				ASSETCATALOG_COMPILER_APPICON_NAME = AppIcon;
				ASSETCATALOG_COMPILER_LAUNCHIMAGE_NAME = LaunchImage;
				CODE_SIGN_STYLE = Automatic;
				DEVELOPMENT_TEAM = N2Y7YB87T9;
				ENABLE_BITCODE = NO;
				GCC_PREFIX_HEADER = "$(SRCROOT)/Lucky/Lucky.pch";
				INFOPLIST_FILE = Lucky/Info.plist;
				IPHONEOS_DEPLOYMENT_TARGET = 8.0;
				LD_RUNPATH_SEARCH_PATHS = (
					"$(inherited)",
					"@executable_path/Frameworks",
				);
				ONLY_ACTIVE_ARCH = YES;
				PRODUCT_BUNDLE_IDENTIFIER = com.sunshine.Lucky;
				PRODUCT_NAME = "$(TARGET_NAME)";
				TARGETED_DEVICE_FAMILY = 1;
				USER_HEADER_SEARCH_PATHS = "";
			};
			name = Debug;
		};
		636FA29B21A2A53000F4030E /* Release */ = {
			isa = XCBuildConfiguration;
			baseConfigurationReference = 819C31AE5779A426BF7A52C2 /* Pods-Lucky.release.xcconfig */;
			buildSettings = {
				ASSETCATALOG_COMPILER_APPICON_NAME = AppIcon;
				ASSETCATALOG_COMPILER_LAUNCHIMAGE_NAME = LaunchImage;
				CODE_SIGN_STYLE = Automatic;
				DEVELOPMENT_TEAM = N2Y7YB87T9;
				ENABLE_BITCODE = NO;
				GCC_PREFIX_HEADER = "$(SRCROOT)/Lucky/Lucky.pch";
				INFOPLIST_FILE = Lucky/Info.plist;
				IPHONEOS_DEPLOYMENT_TARGET = 8.0;
				LD_RUNPATH_SEARCH_PATHS = (
					"$(inherited)",
					"@executable_path/Frameworks",
				);
				ONLY_ACTIVE_ARCH = YES;
				PRODUCT_BUNDLE_IDENTIFIER = com.sunshine.Lucky;
				PRODUCT_NAME = "$(TARGET_NAME)";
				TARGETED_DEVICE_FAMILY = 1;
				USER_HEADER_SEARCH_PATHS = "";
			};
			name = Release;
		};
/* End XCBuildConfiguration section */

/* Begin XCConfigurationList section */
		636FA27E21A2A52E00F4030E /* Build configuration list for PBXProject "Lucky" */ = {
			isa = XCConfigurationList;
			buildConfigurations = (
				636FA29721A2A53000F4030E /* Debug */,
				636FA29821A2A53000F4030E /* Release */,
			);
			defaultConfigurationIsVisible = 0;
			defaultConfigurationName = Release;
		};
		636FA29921A2A53000F4030E /* Build configuration list for PBXNativeTarget "Lucky" */ = {
			isa = XCConfigurationList;
			buildConfigurations = (
				636FA29A21A2A53000F4030E /* Debug */,
				636FA29B21A2A53000F4030E /* Release */,
			);
			defaultConfigurationIsVisible = 0;
			defaultConfigurationName = Release;
		};
/* End XCConfigurationList section */
	};
	rootObject = 636FA27B21A2A52E00F4030E /* Project object */;
}
